
Microsoft Visual Studio Solution File, Format Version 12.00
# Visual Studio 15
VisualStudioVersion = 15.0.28010.2050
MinimumVisualStudioVersion = 10.0.40219.1
Project("{9A19103F-16F7-4668-BE54-9A1E7A4F7556}") = "OA.DomainEntities", "OA.DomainEntities\OA.DomainEntities.csproj", "{219C062B-42FA-48D9-933D-DFC7FCE53D50}"
EndProject
Project("{9A19103F-16F7-4668-BE54-9A1E7A4F7556}") = "OA.Repo", "OA.Repo\OA.Repo.csproj", "{E8862E77-F5AD-46A4-85E1-FA26AF0FBA20}"
EndProject
Project("{9A19103F-16F7-4668-BE54-9A1E7A4F7556}") = "OA.Service", "OA.Service\OA.Service.csproj", "{BE242A2D-BA7E-4D4A-BAF0-80FA32560747}"
EndProject
Project("{9A19103F-16F7-4668-BE54-9A1E7A4F7556}") = "OA.UI", "OA.UI\OA.UI.csproj", "{65BFF140-07B5-41BA-AA09-17683E06BC7F}"
EndProject
Project("{FAE04EC0-301F-11D3-BF4B-00C04F79EFBC}") = "OA.UIMVC", "OA.UIMVC\OA.UIMVC.csproj", "{20370F3A-B3E8-4D05-BC54-763C4346AB9B}"
EndProject
Global
	GlobalSection(SolutionConfigurationPlatforms) = preSolution
		Debug|Any CPU = Debug|Any CPU
		Release|Any CPU = Release|Any CPU
	EndGlobalSection
	GlobalSection(ProjectConfigurationPlatforms) = postSolution
		{219C062B-42FA-48D9-933D-DFC7FCE53D50}.Debug|Any CPU.ActiveCfg = Debug|Any CPU
		{219C062B-42FA-48D9-933D-DFC7FCE53D50}.Debug|Any CPU.Build.0 = Debug|Any CPU
		{219C062B-42FA-48D9-933D-DFC7FCE53D50}.Release|Any CPU.ActiveCfg = Release|Any CPU
		{219C062B-42FA-48D9-933D-DFC7FCE53D50}.Release|Any CPU.Build.0 = Release|Any CPU
		{E8862E77-F5AD-46A4-85E1-FA26AF0FBA20}.Debug|Any CPU.ActiveCfg = Debug|Any CPU
		{E8862E77-F5AD-46A4-85E1-FA26AF0FBA20}.Debug|Any CPU.Build.0 = Debug|Any CPU
		{E8862E77-F5AD-46A4-85E1-FA26AF0FBA20}.Release|Any CPU.ActiveCfg = Release|Any CPU
		{E8862E77-F5AD-46A4-85E1-FA26AF0FBA20}.Release|Any CPU.Build.0 = Release|Any CPU
		{BE242A2D-BA7E-4D4A-BAF0-80FA32560747}.Debug|Any CPU.ActiveCfg = Debug|Any CPU
		{BE242A2D-BA7E-4D4A-BAF0-80FA32560747}.Debug|Any CPU.Build.0 = Debug|Any CPU
		{BE242A2D-BA7E-4D4A-BAF0-80FA32560747}.Release|Any CPU.ActiveCfg = Release|Any CPU
		{BE242A2D-BA7E-4D4A-BAF0-80FA32560747}.Release|Any CPU.Build.0 = Release|Any CPU
		{65BFF140-07B5-41BA-AA09-17683E06BC7F}.Debug|Any CPU.ActiveCfg = Debug|Any CPU
		{65BFF140-07B5-41BA-AA09-17683E06BC7F}.Debug|Any CPU.Build.0 = Debug|Any CPU
		{65BFF140-07B5-41BA-AA09-17683E06BC7F}.Release|Any CPU.ActiveCfg = Release|Any CPU
		{65BFF140-07B5-41BA-AA09-17683E06BC7F}.Release|Any CPU.Build.0 = Release|Any CPU
		{20370F3A-B3E8-4D05-BC54-763C4346AB9B}.Debug|Any CPU.ActiveCfg = Debug|Any CPU
		{20370F3A-B3E8-4D05-BC54-763C4346AB9B}.Debug|Any CPU.Build.0 = Debug|Any CPU
		{20370F3A-B3E8-4D05-BC54-763C4346AB9B}.Release|Any CPU.ActiveCfg = Release|Any CPU
		{20370F3A-B3E8-4D05-BC54-763C4346AB9B}.Release|Any CPU.Build.0 = Release|Any CPU
	EndGlobalSection
	GlobalSection(SolutionProperties) = preSolution
		HideSolutionNode = FALSE
	EndGlobalSection
	GlobalSection(ExtensibilityGlobals) = postSolution
		SolutionGuid = {9DAD0C2D-29BD-43C8-B07C-CE4524DAFA26}
	EndGlobalSection
EndGlobal
